// !$*UTF8*$!
{
	archiveVersion = 1;
	classes = {};
	objectVersion = 56;
	objects = {

/* Begin PBXBuildFile section */
		A11B00000000000100000000 /* BansheeApp.swift in Sources */ = {isa = PBXBuildFile; fileRef = A11B00000000010100000000 /* BansheeApp.swift */; };
		A11B00000000000200000000 /* ContentView.swift in Sources */ = {isa = PBXBuildFile; fileRef = A11B00000000010200000000 /* ContentView.swift */; };
		A11B00000000000300000000 /* GameView.swift in Sources */ = {isa = PBXBuildFile; fileRef = A11B00000000010300000000 /* GameView.swift */; };
		A11B00000000000400000000 /* RulesView.swift in Sources */ = {isa = PBXBuildFile; fileRef = A11B00000000010400000000 /* RulesView.swift */; };
		A11B00000000000500000000 /* RecordSheetView.swift in Sources */ = {isa = PBXBuildFile; fileRef = A11B00000000010500000000 /* RecordSheetView.swift */; };
		A11B00000000000600000000 /* GameModels.swift in Sources */ = {isa = PBXBuildFile; fileRef = A11B00000000020100000000 /* GameModels.swift */; };
		A11B00000000000700000000 /* GameState.swift in Sources */ = {isa = PBXBuildFile; fileRef = A11B00000000020200000000 /* GameState.swift */; };
		A11B00000000000800000000 /* GameScene.swift in Sources */ = {isa = PBXBuildFile; fileRef = A11B00000000020300000000 /* GameScene.swift */; };
		A11B00000000000900000000 /* MapData.swift in Sources */ = {isa = PBXBuildFile; fileRef = A11B00000000020400000000 /* MapData.swift */; };
		A11B00000000000A00000000 /* Assets.xcassets in Resources */ = {isa = PBXBuildFile; fileRef = A11B00000000030100000000 /* Assets.xcassets */; };
/* End PBXBuildFile section */

/* Begin PBXFileReference section */
		A11B00000000010100000000 /* BansheeApp.swift */ = {isa = PBXFileReference; lastKnownFileType = sourcecode.swift; path = BansheeApp.swift; sourceTree = "<group>"; };
		A11B00000000010200000000 /* ContentView.swift */ = {isa = PBXFileReference; lastKnownFileType = sourcecode.swift; path = ContentView.swift; sourceTree = "<group>"; };
		A11B00000000010300000000 /* GameView.swift */ = {isa = PBXFileReference; lastKnownFileType = sourcecode.swift; path = GameView.swift; sourceTree = "<group>"; };
		A11B00000000010400000000 /* RulesView.swift */ = {isa = PBXFileReference; lastKnownFileType = sourcecode.swift; path = RulesView.swift; sourceTree = "<group>"; };
		A11B00000000010500000000 /* RecordSheetView.swift */ = {isa = PBXFileReference; lastKnownFileType = sourcecode.swift; path = RecordSheetView.swift; sourceTree = "<group>"; };
		A11B00000000020100000000 /* GameModels.swift */ = {isa = PBXFileReference; lastKnownFileType = sourcecode.swift; path = GameModels.swift; sourceTree = "<group>"; };
		A11B00000000020200000000 /* GameState.swift */ = {isa = PBXFileReference; lastKnownFileType = sourcecode.swift; path = GameState.swift; sourceTree = "<group>"; };
		A11B00000000020300000000 /* GameScene.swift */ = {isa = PBXFileReference; lastKnownFileType = sourcecode.swift; path = GameScene.swift; sourceTree = "<group>"; };
		A11B00000000020400000000 /* MapData.swift */ = {isa = PBXFileReference; lastKnownFileType = sourcecode.swift; path = MapData.swift; sourceTree = "<group>"; };
		A11B00000000030100000000 /* Assets.xcassets */ = {isa = PBXFileReference; lastKnownFileType = folder.assetcatalog; path = Assets.xcassets; sourceTree = "<group>"; };
		A11B00000000040100000000 /* Info.plist */ = {isa = PBXFileReference; lastKnownFileType = text.plist.xml; path = Info.plist; sourceTree = "<group>"; };
		A11B00000000050100000000 /* Banshee.app */ = {isa = PBXFileReference; explicitFileType = wrapper.application; path = Banshee.app; sourceTree = BUILT_PRODUCTS_DIR; };
/* End PBXFileReference section */

/* Begin PBXGroup section */
		A11B00000000060000000000 = {
			isa = PBXGroup;
			children = (
				A11B00000000070000000000 /* Banshee */,
				A11B00000000080000000000 /* Products */,
			);
			sourceTree = "<group>";
		};
		A11B00000000070000000000 /* Banshee */ = {
			isa = PBXGroup;
			children = (
				A11B00000000010100000000 /* BansheeApp.swift */,
				A11B00000000010200000000 /* ContentView.swift */,
				A11B00000000010300000000 /* GameView.swift */,
				A11B00000000010400000000 /* RulesView.swift */,
				A11B00000000010500000000 /* RecordSheetView.swift */,
				A11B00000000090000000000 /* Game */,
				A11B00000000030100000000 /* Assets.xcassets */,
				A11B00000000040100000000 /* Info.plist */,
			);
			path = Banshee;
			sourceTree = "<group>";
		};
		A11B00000000080000000000 /* Products */ = {
			isa = PBXGroup;
			children = (
				A11B00000000050100000000 /* Banshee.app */,
			);
			name = Products;
			sourceTree = "<group>";
		};
		A11B00000000090000000000 /* Game */ = {
			isa = PBXGroup;
			children = (
				A11B00000000020100000000 /* GameModels.swift */,
				A11B00000000020200000000 /* GameState.swift */,
				A11B00000000020300000000 /* GameScene.swift */,
				A11B00000000020400000000 /* MapData.swift */,
			);
			path = Game;
			sourceTree = "<group>";
		};
/* End PBXGroup section */

/* Begin PBXNativeTarget section */
		A11B00000000100000000000 /* Banshee */ = {
			isa = PBXNativeTarget;
			buildConfigurationList = A11B00000000110000000000 /* Build configuration list for PBXNativeTarget "Banshee" */;
			buildPhases = (
				A11B00000000120000000000 /* Sources */,
				A11B00000000130000000000 /* Resources */,
				A11B00000000140000000000 /* Frameworks */,
			);
			buildRules = (
			);
			dependencies = (
			);
			name = Banshee;
			productName = Banshee;
			productReference = A11B00000000050100000000 /* Banshee.app */;
			productType = "com.apple.product-type.application";
		};
/* End PBXNativeTarget section */

/* Begin PBXProject section */
		A11B00000000200000000000 /* Project object */ = {
			isa = PBXProject;
			attributes = {
				BuildIndependentTargetsInParallel = 1;
				LastSwiftUpdateCheck = 1500;
				LastUpgradeCheck = 1500;
				TargetAttributes = {
					A11B00000000100000000000 = {
						CreatedOnToolsVersion = 15.0;
					};
				};
			};
			buildConfigurationList = A11B00000000210000000000 /* Build configuration list for PBXProject "Banshee" */;
			compatibilityVersion = "Xcode 15.0";
			developmentRegion = en;
			hasScannedForEncodings = 0;
			knownRegions = (
				en,
				Base,
			);
			mainGroup = A11B00000000060000000000;
			productRefGroup = A11B00000000080000000000 /* Products */;
			projectDirPath = "";
			projectRoot = "";
			targets = (
				A11B00000000100000000000 /* Banshee */,
			);
		};
/* End PBXProject section */

/* Begin PBXResourcesBuildPhase section */
		A11B00000000130000000000 /* Resources */ = {
			isa = PBXResourcesBuildPhase;
			buildActionMask = 2147483647;
			files = (
				A11B00000000000A00000000 /* Assets.xcassets in Resources */,
			);
			runOnlyForDeploymentPostprocessing = 0;
		};
/* End PBXResourcesBuildPhase section */

/* Begin PBXSourcesBuildPhase section */
		A11B00000000120000000000 /* Sources */ = {
			isa = PBXSourcesBuildPhase;
			buildActionMask = 2147483647;
			files = (
				A11B00000000000100000000 /* BansheeApp.swift in Sources */,
				A11B00000000000200000000 /* ContentView.swift in Sources */,
				A11B00000000000300000000 /* GameView.swift in Sources */,
				A11B00000000000400000000 /* RulesView.swift in Sources */,
				A11B00000000000500000000 /* RecordSheetView.swift in Sources */,
				A11B00000000000600000000 /* GameModels.swift in Sources */,
				A11B00000000000700000000 /* GameState.swift in Sources */,
				A11B00000000000800000000 /* GameScene.swift in Sources */,
				A11B00000000000900000000 /* MapData.swift in Sources */,
			);
			runOnlyForDeploymentPostprocessing = 0;
		};
/* End PBXSourcesBuildPhase section */

/* Begin PBXFrameworksBuildPhase section */
		A11B00000000140000000000 /* Frameworks */ = {
			isa = PBXFrameworksBuildPhase;
			buildActionMask = 2147483647;
			files = (
			);
			runOnlyForDeploymentPostprocessing = 0;
		};
/* End PBXFrameworksBuildPhase section */

/* Begin XCBuildConfiguration section */
		A11B00000000300000000000 /* Debug */ = {
			isa = XCBuildConfiguration;
			buildSettings = {
				ASSETCATALOG_COMPILER_APPICON_NAME = AppIcon;
				CLANG_ENABLE_OBJC_ARC = YES;
				CODE_SIGN_STYLE = Automatic;
				CURRENT_PROJECT_VERSION = 1;
				DEVELOPMENT_TEAM = "";
				GENERATE_INFOPLIST_FILE = NO;
				INFOPLIST_FILE = Banshee/Info.plist;
				IPHONEOS_DEPLOYMENT_TARGET = 16.0;
				LD_RUNPATH_SEARCH_PATHS = (
					"$(inherited)",
					"@executable_path/Frameworks",
				);
				MARKETING_VERSION = 1.0;
				PRODUCT_BUNDLE_IDENTIFIER = com.banshee.app;
				PRODUCT_NAME = Banshee;
				SWIFT_VERSION = 5.0;
				TARGETED_DEVICE_FAMILY = "1,2";
			};
			name = Debug;
		};
		A11B00000000310000000000 /* Release */ = {
			isa = XCBuildConfiguration;
			buildSettings = {
				ASSETCATALOG_COMPILER_APPICON_NAME = AppIcon;
				CLANG_ENABLE_OBJC_ARC = YES;
				CODE_SIGN_STYLE = Automatic;
				CURRENT_PROJECT_VERSION = 1;
				DEVELOPMENT_TEAM = "";
				GENERATE_INFOPLIST_FILE = NO;
				INFOPLIST_FILE = Banshee/Info.plist;
				IPHONEOS_DEPLOYMENT_TARGET = 16.0;
				LD_RUNPATH_SEARCH_PATHS = (
					"$(inherited)",
					"@executable_path/Frameworks",
				);
				MARKETING_VERSION = 1.0;
				PRODUCT_BUNDLE_IDENTIFIER = com.banshee.app;
				PRODUCT_NAME = Banshee;
				SWIFT_VERSION = 5.0;
				TARGETED_DEVICE_FAMILY = "1,2";
			};
			name = Release;
		};
		A11B00000000320000000000 /* Debug */ = {
			isa = XCBuildConfiguration;
			buildSettings = {
				ALWAYS_SEARCH_USER_PATHS = NO;
				CLANG_ANALYZER_NONNULL = YES;
				CLANG_CXX_LANGUAGE_STANDARD = "gnu++20";
				CLANG_CXX_LIBRARY = "libc++";
				CLANG_ENABLE_MODULES = YES;
				CLANG_ENABLE_OBJC_ARC = YES;
				CLANG_ENABLE_OBJC_WEAK = YES;
				CLANG_WARN_BLOCK_CAPTURE_AUTORELEASING = YES;
				CLANG_WARN_BOOL_CONVERSION = YES;
				CLANG_WARN_COMMA = YES;
				CLANG_WARN_CONSTANT_CONVERSION = YES;
				CLANG_WARN_DEPRECATED_OBJC_IMPLEMENTATIONS = YES;
				CLANG_WARN_DIRECT_OBJC_ISA_USAGE = YES_ERROR;
				CLANG_WARN_DOCUMENTATION_COMMENTS = YES;
				CLANG_WARN_EMPTY_BODY = YES;
				CLANG_WARN_ENUM_CONVERSION = YES;
				CLANG_WARN_INFINITE_RECURSION = YES;
				CLANG_WARN_INT_CONVERSION = YES;
				CLANG_WARN_NON_LITERAL_NULL_CONVERSION = YES;
				CLANG_WARN_OBJC_IMPLICIT_RETAIN_SELF = YES;
				CLANG_WARN_OBJC_LITERAL_CONVERSION = YES;
				CLANG_WARN_QUOTED_INCLUDE_IN_FRAMEWORK_HEADER = YES;
				CLANG_WARN_RANGE_LOOP_ANALYSIS = YES;
				CLANG_WARN_STRICT_PROTOTYPES = YES;
				CLANG_WARN_SUSPICIOUS_MOVE = YES;
				CLANG_WARN_UNGUARDED_AVAILABILITY = YES_AGGRESSIVE;
				CLANG_WARN_UNREACHABLE_CODE = YES;
				CLANG_WARN__DUPLICATE_METHOD_MATCH = YES;
				COPY_PHASE_STRIP = NO;
				DEBUG_INFORMATION_FORMAT = dwarf;
				ENABLE_STRICT_OBJC_MSGSEND = YES;
				ENABLE_TESTABILITY = YES;
				GCC_C_LANGUAGE_STANDARD = gnu11;
				GCC_DYNAMIC_NO_PIC = NO;
				GCC_NO_COMMON_BLOCKS = YES;
				GCC_OPTIMIZATION_LEVEL = 0;
				GCC_PREPROCESSOR_DEFINITIONS = (
					"DEBUG=1",
					"$(inherited)",
				);
				GCC_WARN_64_TO_32_BIT_CONVERSION = YES;
				GCC_WARN_ABOUT_RETURN_TYPE = YES_ERROR;
				GCC_WARN_UNDECLARED_SELECTOR = YES;
				GCC_WARN_UNINITIALIZED_AUTOS = YES_AGGRESSIVE;
				GCC_WARN_UNUSED_FUNCTION = YES;
				GCC_WARN_UNUSED_VARIABLE = YES;
				IPHONEOS_DEPLOYMENT_TARGET = 16.0;
				MTL_ENABLE_DEBUG_INFO = INCLUDE_SOURCE;
				ONLY_ACTIVE_ARCH = YES;
				SDKROOT = iphoneos;
				SWIFT_ACTIVE_COMPILATION_CONDITIONS = DEBUG;
				SWIFT_VERSION = 5.0;
			};
			name = Debug;
		};
		A11B00000000330000000000 /* Release */ = {
			isa = XCBuildConfiguration;
			buildSettings = {
				ALWAYS_SEARCH_USER_PATHS = NO;
				CLANG_ANALYZER_NONNULL = YES;
				CLANG_CXX_LANGUAGE_STANDARD = "gnu++20";
				CLANG_CXX_LIBRARY = "libc++";
				CLANG_ENABLE_MODULES = YES;
				CLANG_ENABLE_OBJC_ARC = YES;
				CLANG_ENABLE_OBJC_WEAK = YES;
				CLANG_WARN_BLOCK_CAPTURE_AUTORELEASING = YES;
				CLANG_WARN_BOOL_CONVERSION = YES;
				CLANG_WARN_COMMA = YES;
				CLANG_WARN_CONSTANT_CONVERSION = YES;
				CLANG_WARN_DEPRECATED_OBJC_IMPLEMENTATIONS = YES;
				CLANG_WARN_DIRECT_OBJC_ISA_USAGE = YES_ERROR;
				CLANG_WARN_DOCUMENTATION_COMMENTS = YES;
				CLANG_WARN_EMPTY_BODY = YES;
				CLANG_WARN_ENUM_CONVERSION = YES;
				CLANG_WARN_INFINITE_RECURSION = YES;
				CLANG_WARN_INT_CONVERSION = YES;
				CLANG_WARN_NON_LITERAL_NULL_CONVERSION = YES;
				CLANG_WARN_OBJC_IMPLICIT_RETAIN_SELF = YES;
				CLANG_WARN_OBJC_LITERAL_CONVERSION = YES;
				CLANG_WARN_QUOTED_INCLUDE_IN_FRAMEWORK_HEADER = YES;
				CLANG_WARN_RANGE_LOOP_ANALYSIS = YES;
				CLANG_WARN_STRICT_PROTOTYPES = YES;
				CLANG_WARN_SUSPICIOUS_MOVE = YES;
				CLANG_WARN_UNGUARDED_AVAILABILITY = YES_AGGRESSIVE;
				CLANG_WARN_UNREACHABLE_CODE = YES;
				CLANG_WARN__DUPLICATE_METHOD_MATCH = YES;
				COPY_PHASE_STRIP = YES;
				DEBUG_INFORMATION_FORMAT = "dwarf-with-dsym";
				ENABLE_NS_ASSERTIONS = NO;
				ENABLE_STRICT_OBJC_MSGSEND = YES;
				GCC_C_LANGUAGE_STANDARD = gnu11;
				GCC_NO_COMMON_BLOCKS = YES;
				GCC_WARN_64_TO_32_BIT_CONVERSION = YES;
				GCC_WARN_ABOUT_RETURN_TYPE = YES_ERROR;
				GCC_WARN_UNDECLARED_SELECTOR = YES;
				GCC_WARN_UNINITIALIZED_AUTOS = YES_AGGRESSIVE;
				GCC_WARN_UNUSED_FUNCTION = YES;
				GCC_WARN_UNUSED_VARIABLE = YES;
				IPHONEOS_DEPLOYMENT_TARGET = 16.0;
				SDKROOT = iphoneos;
				SWIFT_COMPILATION_MODE = wholemodule;
				SWIFT_OPTIMIZATION_LEVEL = -O;
				SWIFT_VERSION = 5.0;
			};
			name = Release;
		};
/* End XCBuildConfiguration section */

/* Begin XCConfigurationList section */
		A11B00000000110000000000 /* Build configuration list for PBXNativeTarget "Banshee" */ = {
			isa = XCConfigurationList;
			buildConfigurations = (
				A11B00000000300000000000 /* Debug */,
				A11B00000000310000000000 /* Release */,
			);
			defaultConfigurationIsVisible = 0;
			defaultConfigurationName = Release;
		};
		A11B00000000210000000000 /* Build configuration list for PBXProject "Banshee" */ = {
			isa = XCConfigurationList;
			buildConfigurations = (
				A11B00000000320000000000 /* Debug */,
				A11B00000000330000000000 /* Release */,
			);
			defaultConfigurationIsVisible = 0;
			defaultConfigurationName = Release;
		};
/* End XCConfigurationList section */
	};
	rootObject = A11B00000000200000000000 /* Project object */;
}
